// !$*UTF8*$!
{
	archiveVersion = 1;
	classes = {
	};
	objectVersion = 55;
	objects = {

/* Begin PBXBuildFile section */
		05794C687FECE95EF62F67EB /* Domain.framework in Frameworks */ = {isa = PBXBuildFile; fileRef = 6BEB75E9463ACE494A73BD36 /* Domain.framework */; };
		27E73AE713B242832015055B /* AppDelegate.swift in Sources */ = {isa = PBXBuildFile; fileRef = 7210F22777D23AD1713BCADE /* AppDelegate.swift */; };
		34626E6CBE864E43AA8ACE59 /* GRDB.framework in Embed Frameworks */ = {isa = PBXBuildFile; fileRef = C1EC7374D29E1B83621B08DC /* GRDB.framework */; settings = {ATTRIBUTES = (CodeSignOnCopy, RemoveHeadersOnCopy, ); }; };
		461B74F2960713CD86FD4D54 /* Data.framework in Embed Frameworks */ = {isa = PBXBuildFile; fileRef = 8AF7E105F5FEC83A7A47F2E7 /* Data.framework */; settings = {ATTRIBUTES = (CodeSignOnCopy, RemoveHeadersOnCopy, ); }; };
		52AC0E541487E1188A1409EB /* Moya.framework in Embed Frameworks */ = {isa = PBXBuildFile; fileRef = 97590F8716CD862F585CC863 /* Moya.framework */; settings = {ATTRIBUTES = (CodeSignOnCopy, RemoveHeadersOnCopy, ); }; };
		826F47A48E93DD41D425562A /* CompositionRoot.swift in Sources */ = {isa = PBXBuildFile; fileRef = 61F5D036D59E757A40E04AE1 /* CompositionRoot.swift */; };
		8B37755CD15FFCE08FEA31EA /* Domain.framework in Embed Frameworks */ = {isa = PBXBuildFile; fileRef = 6BEB75E9463ACE494A73BD36 /* Domain.framework */; settings = {ATTRIBUTES = (CodeSignOnCopy, RemoveHeadersOnCopy, ); }; };
		98D89A19B1BAC5EE832A2C8E /* SwiftProtobuf.framework in Embed Frameworks */ = {isa = PBXBuildFile; fileRef = 541FE82E8C6C564BE5B96C87 /* SwiftProtobuf.framework */; settings = {ATTRIBUTES = (CodeSignOnCopy, RemoveHeadersOnCopy, ); }; };
		ADA517B7189D8772AE766E88 /* Moya.framework in Frameworks */ = {isa = PBXBuildFile; fileRef = 97590F8716CD862F585CC863 /* Moya.framework */; };
		B1C2CAA60FC9EE17B70C1915 /* Alamofire.framework in Embed Frameworks */ = {isa = PBXBuildFile; fileRef = C86E6E6BCDFAB61BBD09E06F /* Alamofire.framework */; settings = {ATTRIBUTES = (CodeSignOnCopy, RemoveHeadersOnCopy, ); }; };
		B9F630115B950134DA3C4651 /* Kingfisher.framework in Embed Frameworks */ = {isa = PBXBuildFile; fileRef = 77D69EAF942AA87F8A9468BF /* Kingfisher.framework */; settings = {ATTRIBUTES = (CodeSignOnCopy, RemoveHeadersOnCopy, ); }; };
		CDDA8D58DCE39E5F450F22DD /* GRDBSQLite.framework in Embed Frameworks */ = {isa = PBXBuildFile; fileRef = AB538E13C7E2A55299D9089E /* GRDBSQLite.framework */; settings = {ATTRIBUTES = (CodeSignOnCopy, RemoveHeadersOnCopy, ); }; };
		D4BE61CF291143E5875801D0 /* Data.framework in Frameworks */ = {isa = PBXBuildFile; fileRef = 8AF7E105F5FEC83A7A47F2E7 /* Data.framework */; };
		D8FB2882683040342C3CA1BD /* Presentation.framework in Frameworks */ = {isa = PBXBuildFile; fileRef = 537ED5DBF00B5D2B5A03A60B /* Presentation.framework */; };
		EAAEDBD52862F66B35F25205 /* SceneDelegate.swift in Sources */ = {isa = PBXBuildFile; fileRef = 1ED69542D699D2104EE8BFC4 /* SceneDelegate.swift */; };
		ED44C06E2CC6CFF35E809030 /* Presentation.framework in Embed Frameworks */ = {isa = PBXBuildFile; fileRef = 537ED5DBF00B5D2B5A03A60B /* Presentation.framework */; settings = {ATTRIBUTES = (CodeSignOnCopy, RemoveHeadersOnCopy, ); }; };
/* End PBXBuildFile section */

/* Begin PBXCopyFilesBuildPhase section */
		743307C02933CDEF61248502 /* Embed Frameworks */ = {
			isa = PBXCopyFilesBuildPhase;
			buildActionMask = 2147483647;
			dstPath = "";
			dstSubfolderSpec = 10;
			files = (
				B1C2CAA60FC9EE17B70C1915 /* Alamofire.framework in Embed Frameworks */,
				461B74F2960713CD86FD4D54 /* Data.framework in Embed Frameworks */,
				8B37755CD15FFCE08FEA31EA /* Domain.framework in Embed Frameworks */,
				34626E6CBE864E43AA8ACE59 /* GRDB.framework in Embed Frameworks */,
				CDDA8D58DCE39E5F450F22DD /* GRDBSQLite.framework in Embed Frameworks */,
				B9F630115B950134DA3C4651 /* Kingfisher.framework in Embed Frameworks */,
				52AC0E541487E1188A1409EB /* Moya.framework in Embed Frameworks */,
				ED44C06E2CC6CFF35E809030 /* Presentation.framework in Embed Frameworks */,
				98D89A19B1BAC5EE832A2C8E /* SwiftProtobuf.framework in Embed Frameworks */,
			);
			name = "Embed Frameworks";
			runOnlyForDeploymentPostprocessing = 0;
		};
/* End PBXCopyFilesBuildPhase section */

/* Begin PBXFileReference section */
		0BE4A0B5622686F9A76052A0 /* GOIM-Info.plist */ = {isa = PBXFileReference; lastKnownFileType = text.plist; path = "GOIM-Info.plist"; sourceTree = "<group>"; };
		0C32CF786DF074FCF6031C81 /* GOIM.app */ = {isa = PBXFileReference; explicitFileType = wrapper.application; includeInIndex = 0; path = GOIM.app; sourceTree = BUILT_PRODUCTS_DIR; };
		1ED69542D699D2104EE8BFC4 /* SceneDelegate.swift */ = {isa = PBXFileReference; lastKnownFileType = sourcecode.swift; path = SceneDelegate.swift; sourceTree = "<group>"; };
		537ED5DBF00B5D2B5A03A60B /* Presentation.framework */ = {isa = PBXFileReference; explicitFileType = wrapper.framework; includeInIndex = 0; path = Presentation.framework; sourceTree = BUILT_PRODUCTS_DIR; };
		541FE82E8C6C564BE5B96C87 /* SwiftProtobuf.framework */ = {isa = PBXFileReference; explicitFileType = wrapper.framework; includeInIndex = 0; path = SwiftProtobuf.framework; sourceTree = BUILT_PRODUCTS_DIR; };
		61F5D036D59E757A40E04AE1 /* CompositionRoot.swift */ = {isa = PBXFileReference; lastKnownFileType = sourcecode.swift; path = CompositionRoot.swift; sourceTree = "<group>"; };
		6BEB75E9463ACE494A73BD36 /* Domain.framework */ = {isa = PBXFileReference; explicitFileType = wrapper.framework; includeInIndex = 0; path = Domain.framework; sourceTree = BUILT_PRODUCTS_DIR; };
		7210F22777D23AD1713BCADE /* AppDelegate.swift */ = {isa = PBXFileReference; lastKnownFileType = sourcecode.swift; path = AppDelegate.swift; sourceTree = "<group>"; };
		77D69EAF942AA87F8A9468BF /* Kingfisher.framework */ = {isa = PBXFileReference; explicitFileType = wrapper.framework; includeInIndex = 0; path = Kingfisher.framework; sourceTree = BUILT_PRODUCTS_DIR; };
		8AF7E105F5FEC83A7A47F2E7 /* Data.framework */ = {isa = PBXFileReference; explicitFileType = wrapper.framework; includeInIndex = 0; path = Data.framework; sourceTree = BUILT_PRODUCTS_DIR; };
		97590F8716CD862F585CC863 /* Moya.framework */ = {isa = PBXFileReference; explicitFileType = wrapper.framework; includeInIndex = 0; path = Moya.framework; sourceTree = BUILT_PRODUCTS_DIR; };
		AB538E13C7E2A55299D9089E /* GRDBSQLite.framework */ = {isa = PBXFileReference; explicitFileType = wrapper.framework; includeInIndex = 0; path = GRDBSQLite.framework; sourceTree = BUILT_PRODUCTS_DIR; };
		C1EC7374D29E1B83621B08DC /* GRDB.framework */ = {isa = PBXFileReference; explicitFileType = wrapper.framework; includeInIndex = 0; path = GRDB.framework; sourceTree = BUILT_PRODUCTS_DIR; };
		C86E6E6BCDFAB61BBD09E06F /* Alamofire.framework */ = {isa = PBXFileReference; explicitFileType = wrapper.framework; includeInIndex = 0; path = Alamofire.framework; sourceTree = BUILT_PRODUCTS_DIR; };
/* End PBXFileReference section */

/* Begin PBXFrameworksBuildPhase section */
		DC2028DF3637D096A97EB763 /* Frameworks */ = {
			isa = PBXFrameworksBuildPhase;
			buildActionMask = 2147483647;
			files = (
				D4BE61CF291143E5875801D0 /* Data.framework in Frameworks */,
				05794C687FECE95EF62F67EB /* Domain.framework in Frameworks */,
				ADA517B7189D8772AE766E88 /* Moya.framework in Frameworks */,
				D8FB2882683040342C3CA1BD /* Presentation.framework in Frameworks */,
			);
			runOnlyForDeploymentPostprocessing = 0;
		};
/* End PBXFrameworksBuildPhase section */

/* Begin PBXGroup section */
		4102E3E068508DD683953C7D = {
			isa = PBXGroup;
			children = (
				E9C3DB3EC6D7655028A9C0D3 /* Products */,
				52611B11A5E6A7198C4E57A3 /* Project */,
			);
			sourceTree = "<group>";
		};
		52611B11A5E6A7198C4E57A3 /* Project */ = {
			isa = PBXGroup;
			children = (
				B3BCDE38B26B330C9A04FADE /* Derived */,
				858C4E433DBF0294DFED1B0C /* Sources */,
			);
			name = Project;
			sourceTree = "<group>";
		};
		66EB57D721CBB7D427955C21 /* InfoPlists */ = {
			isa = PBXGroup;
			children = (
				0BE4A0B5622686F9A76052A0 /* GOIM-Info.plist */,
			);
			path = InfoPlists;
			sourceTree = "<group>";
		};
		858C4E433DBF0294DFED1B0C /* Sources */ = {
			isa = PBXGroup;
			children = (
				7210F22777D23AD1713BCADE /* AppDelegate.swift */,
				61F5D036D59E757A40E04AE1 /* CompositionRoot.swift */,
				1ED69542D699D2104EE8BFC4 /* SceneDelegate.swift */,
			);
			path = Sources;
			sourceTree = "<group>";
		};
		B3BCDE38B26B330C9A04FADE /* Derived */ = {
			isa = PBXGroup;
			children = (
				66EB57D721CBB7D427955C21 /* InfoPlists */,
			);
			path = Derived;
			sourceTree = "<group>";
		};
		E9C3DB3EC6D7655028A9C0D3 /* Products */ = {
			isa = PBXGroup;
			children = (
				C86E6E6BCDFAB61BBD09E06F /* Alamofire.framework */,
				8AF7E105F5FEC83A7A47F2E7 /* Data.framework */,
				6BEB75E9463ACE494A73BD36 /* Domain.framework */,
				0C32CF786DF074FCF6031C81 /* GOIM.app */,
				C1EC7374D29E1B83621B08DC /* GRDB.framework */,
				AB538E13C7E2A55299D9089E /* GRDBSQLite.framework */,
				77D69EAF942AA87F8A9468BF /* Kingfisher.framework */,
				97590F8716CD862F585CC863 /* Moya.framework */,
				537ED5DBF00B5D2B5A03A60B /* Presentation.framework */,
				541FE82E8C6C564BE5B96C87 /* SwiftProtobuf.framework */,
			);
			name = Products;
			sourceTree = "<group>";
		};
/* End PBXGroup section */

/* Begin PBXNativeTarget section */
		E7A085A178F6DE2EDB8C1683 /* GOIM */ = {
			isa = PBXNativeTarget;
			buildConfigurationList = 0274E86D3F1F5BE73CBEC6FC /* Build configuration list for PBXNativeTarget "GOIM" */;
			buildPhases = (
				FA6AD99059B94A6FAB855A15 /* Sources */,
				1480354D262FE04A3FF000C1 /* Resources */,
				DC2028DF3637D096A97EB763 /* Frameworks */,
				743307C02933CDEF61248502 /* Embed Frameworks */,
			);
			buildRules = (
			);
			dependencies = (
			);
			name = GOIM;
			packageProductDependencies = (
			);
			productName = GOIM;
			productReference = 0C32CF786DF074FCF6031C81 /* GOIM.app */;
			productType = "com.apple.product-type.application";
		};
/* End PBXNativeTarget section */

/* Begin PBXProject section */
		6B590BF25178DC7D824D09CE /* Project object */ = {
			isa = PBXProject;
			attributes = {
				BuildIndependentTargetsInParallel = YES;
				ORGANIZATIONNAME = GOIM;
				TargetAttributes = {
				};
			};
			buildConfigurationList = B3FD05C59F197F398A0B04AB /* Build configuration list for PBXProject "App" */;
			compatibilityVersion = "Xcode 14.0";
			developmentRegion = en;
			hasScannedForEncodings = 0;
			knownRegions = (
				Base,
				en,
			);
			mainGroup = 4102E3E068508DD683953C7D;
			productRefGroup = E9C3DB3EC6D7655028A9C0D3 /* Products */;
			projectDirPath = "";
			projectRoot = "";
			targets = (
				E7A085A178F6DE2EDB8C1683 /* GOIM */,
			);
		};
/* End PBXProject section */

/* Begin PBXResourcesBuildPhase section */
		1480354D262FE04A3FF000C1 /* Resources */ = {
			isa = PBXResourcesBuildPhase;
			buildActionMask = 2147483647;
			files = (
			);
			runOnlyForDeploymentPostprocessing = 0;
		};
/* End PBXResourcesBuildPhase section */

/* Begin PBXSourcesBuildPhase section */
		FA6AD99059B94A6FAB855A15 /* Sources */ = {
			isa = PBXSourcesBuildPhase;
			buildActionMask = 2147483647;
			files = (
				27E73AE713B242832015055B /* AppDelegate.swift in Sources */,
				826F47A48E93DD41D425562A /* CompositionRoot.swift in Sources */,
				EAAEDBD52862F66B35F25205 /* SceneDelegate.swift in Sources */,
			);
			runOnlyForDeploymentPostprocessing = 0;
		};
/* End PBXSourcesBuildPhase section */

/* Begin XCBuildConfiguration section */
		121045D09AF25F331AFA2E16 /* Debug */ = {
			isa = XCBuildConfiguration;
			buildSettings = {
				API_BASE_URL = "https://im.chaisz.com";
				ASSETCATALOG_COMPILER_APPICON_NAME = AppIcon;
				ASSETCATALOG_COMPILER_GLOBAL_ACCENT_COLOR_NAME = AccentColor;
				CODE_SIGN_IDENTITY = "iPhone Developer";
				ENABLE_PREVIEWS = YES;
				INFOPLIST_FILE = "Derived/InfoPlists/GOIM-Info.plist";
				IPHONEOS_DEPLOYMENT_TARGET = 16.0;
				LD_RUNPATH_SEARCH_PATHS = (
					"$(inherited)",
					"@executable_path/Frameworks",
				);
				OTHER_CFLAGS = (
					"$(inherited)",
					"-fmodule-map-file=\"$(SRCROOT)/Derived/ModuleMaps/GOIM-deps.modulemap\"",
				);
				OTHER_LDFLAGS = (
					"$(inherited)",
					"-L$(DT_TOOLCHAIN_DIR)/usr/lib/swift/$(PLATFORM_NAME)",
				);
				OTHER_SWIFT_FLAGS = (
					"$(inherited)",
					"-Xcc",
					"-fmodule-map-file=\"$(SRCROOT)/Derived/ModuleMaps/GOIM-deps.modulemap\"",
				);
				PRODUCT_BUNDLE_IDENTIFIER = com.goim.app;
				PRODUCT_NAME = GOIM;
				SDKROOT = iphoneos;
				SUPPORTS_MACCATALYST = NO;
				SUPPORTS_MAC_DESIGNED_FOR_IPHONE_IPAD = YES;
				SUPPORTS_XR_DESIGNED_FOR_IPHONE_IPAD = NO;
				SWIFT_ACTIVE_COMPILATION_CONDITIONS = (
					"$(inherited)",
					DEBUG,
				);
				SWIFT_COMPILATION_MODE = singlefile;
				SWIFT_OPTIMIZATION_LEVEL = "-Onone";
				SWIFT_STRICT_CONCURRENCY = minimal;
				SWIFT_VERSION = 6.0;
				TARGETED_DEVICE_FAMILY = "1,2";
			};
			name = Debug;
		};
		5C9EF0E6AF4F9491454DE177 /* Release */ = {
			isa = XCBuildConfiguration;
			buildSettings = {
				ALWAYS_SEARCH_USER_PATHS = NO;
				CLANG_ANALYZER_LOCALIZABILITY_NONLOCALIZED = YES;
				CLANG_ANALYZER_NONNULL = YES;
				CLANG_ANALYZER_NUMBER_OBJECT_CONVERSION = YES_AGGRESSIVE;
				CLANG_CXX_LANGUAGE_STANDARD = "gnu++14";
				CLANG_CXX_LIBRARY = "libc++";
				CLANG_ENABLE_MODULES = YES;
				CLANG_ENABLE_OBJC_ARC = YES;
				CLANG_ENABLE_OBJC_WEAK = YES;
				CLANG_WARN_BLOCK_CAPTURE_AUTORELEASING = YES;
				CLANG_WARN_BOOL_CONVERSION = YES;
				CLANG_WARN_COMMA = YES;
				CLANG_WARN_CONSTANT_CONVERSION = YES;
				CLANG_WARN_DEPRECATED_OBJC_IMPLEMENTATIONS = YES;
				CLANG_WARN_DIRECT_OBJC_ISA_USAGE = YES_ERROR;
				CLANG_WARN_DOCUMENTATION_COMMENTS = YES;
				CLANG_WARN_EMPTY_BODY = YES;
				CLANG_WARN_ENUM_CONVERSION = YES;
				CLANG_WARN_INFINITE_RECURSION = YES;
				CLANG_WARN_INT_CONVERSION = YES;
				CLANG_WARN_NON_LITERAL_NULL_CONVERSION = YES;
				CLANG_WARN_OBJC_IMPLICIT_RETAIN_SELF = YES;
				CLANG_WARN_OBJC_LITERAL_CONVERSION = YES;
				CLANG_WARN_OBJC_ROOT_CLASS = YES_ERROR;
				CLANG_WARN_QUOTED_INCLUDE_IN_FRAMEWORK_HEADER = YES;
				CLANG_WARN_RANGE_LOOP_ANALYSIS = YES;
				CLANG_WARN_STRICT_PROTOTYPES = YES;
				CLANG_WARN_SUSPICIOUS_MOVE = YES;
				CLANG_WARN_UNGUARDED_AVAILABILITY = YES_AGGRESSIVE;
				CLANG_WARN_UNREACHABLE_CODE = YES;
				CLANG_WARN__DUPLICATE_METHOD_MATCH = YES;
				COPY_PHASE_STRIP = NO;
				DEAD_CODE_STRIPPING = YES;
				DEBUG_INFORMATION_FORMAT = "dwarf-with-dsym";
				ENABLE_NS_ASSERTIONS = NO;
				ENABLE_STRICT_OBJC_MSGSEND = YES;
				GCC_C_LANGUAGE_STANDARD = gnu11;
				GCC_NO_COMMON_BLOCKS = YES;
				GCC_WARN_64_TO_32_BIT_CONVERSION = YES;
				GCC_WARN_ABOUT_RETURN_TYPE = YES_ERROR;
				GCC_WARN_UNDECLARED_SELECTOR = YES;
				GCC_WARN_UNINITIALIZED_AUTOS = YES_AGGRESSIVE;
				GCC_WARN_UNUSED_FUNCTION = YES;
				GCC_WARN_UNUSED_VARIABLE = YES;
				MTL_ENABLE_DEBUG_INFO = NO;
				PRODUCT_NAME = "$(TARGET_NAME)";
				VALIDATE_PRODUCT = YES;
			};
			name = Release;
		};
		6E6885F6F00FF20132348D05 /* Release */ = {
			isa = XCBuildConfiguration;
			buildSettings = {
				API_BASE_URL = "https://im.chaisz.com";
				ASSETCATALOG_COMPILER_APPICON_NAME = AppIcon;
				ASSETCATALOG_COMPILER_GLOBAL_ACCENT_COLOR_NAME = AccentColor;
				CODE_SIGN_IDENTITY = "iPhone Developer";
				ENABLE_PREVIEWS = YES;
				INFOPLIST_FILE = "Derived/InfoPlists/GOIM-Info.plist";
				IPHONEOS_DEPLOYMENT_TARGET = 16.0;
				LD_RUNPATH_SEARCH_PATHS = (
					"$(inherited)",
					"@executable_path/Frameworks",
				);
				OTHER_CFLAGS = (
					"$(inherited)",
					"-fmodule-map-file=\"$(SRCROOT)/Derived/ModuleMaps/GOIM-deps.modulemap\"",
				);
				OTHER_LDFLAGS = (
					"$(inherited)",
					"-L$(DT_TOOLCHAIN_DIR)/usr/lib/swift/$(PLATFORM_NAME)",
				);
				OTHER_SWIFT_FLAGS = (
					"$(inherited)",
					"-Xcc",
					"-fmodule-map-file=\"$(SRCROOT)/Derived/ModuleMaps/GOIM-deps.modulemap\"",
				);
				PRODUCT_BUNDLE_IDENTIFIER = com.goim.app;
				PRODUCT_NAME = GOIM;
				SDKROOT = iphoneos;
				SUPPORTS_MACCATALYST = NO;
				SUPPORTS_MAC_DESIGNED_FOR_IPHONE_IPAD = YES;
				SUPPORTS_XR_DESIGNED_FOR_IPHONE_IPAD = NO;
				SWIFT_COMPILATION_MODE = wholemodule;
				SWIFT_OPTIMIZATION_LEVEL = "-O";
				SWIFT_STRICT_CONCURRENCY = minimal;
				SWIFT_VERSION = 6.0;
				TARGETED_DEVICE_FAMILY = "1,2";
			};
			name = Release;
		};
		F61063B78755D98B1B9C3697 /* Debug */ = {
			isa = XCBuildConfiguration;
			buildSettings = {
				ALWAYS_SEARCH_USER_PATHS = NO;
				CLANG_ANALYZER_LOCALIZABILITY_NONLOCALIZED = YES;
				CLANG_ANALYZER_NONNULL = YES;
				CLANG_ANALYZER_NUMBER_OBJECT_CONVERSION = YES_AGGRESSIVE;
				CLANG_CXX_LANGUAGE_STANDARD = "gnu++14";
				CLANG_CXX_LIBRARY = "libc++";
				CLANG_ENABLE_MODULES = YES;
				CLANG_ENABLE_OBJC_ARC = YES;
				CLANG_ENABLE_OBJC_WEAK = YES;
				CLANG_WARN_BLOCK_CAPTURE_AUTORELEASING = YES;
				CLANG_WARN_BOOL_CONVERSION = YES;
				CLANG_WARN_COMMA = YES;
				CLANG_WARN_CONSTANT_CONVERSION = YES;
				CLANG_WARN_DEPRECATED_OBJC_IMPLEMENTATIONS = YES;
				CLANG_WARN_DIRECT_OBJC_ISA_USAGE = YES_ERROR;
				CLANG_WARN_DOCUMENTATION_COMMENTS = YES;
				CLANG_WARN_EMPTY_BODY = YES;
				CLANG_WARN_ENUM_CONVERSION = YES;
				CLANG_WARN_INFINITE_RECURSION = YES;
				CLANG_WARN_INT_CONVERSION = YES;
				CLANG_WARN_NON_LITERAL_NULL_CONVERSION = YES;
				CLANG_WARN_OBJC_IMPLICIT_RETAIN_SELF = YES;
				CLANG_WARN_OBJC_LITERAL_CONVERSION = YES;
				CLANG_WARN_OBJC_ROOT_CLASS = YES_ERROR;
				CLANG_WARN_QUOTED_INCLUDE_IN_FRAMEWORK_HEADER = YES;
				CLANG_WARN_RANGE_LOOP_ANALYSIS = YES;
				CLANG_WARN_STRICT_PROTOTYPES = YES;
				CLANG_WARN_SUSPICIOUS_MOVE = YES;
				CLANG_WARN_UNGUARDED_AVAILABILITY = YES_AGGRESSIVE;
				CLANG_WARN_UNREACHABLE_CODE = YES;
				CLANG_WARN__DUPLICATE_METHOD_MATCH = YES;
				COPY_PHASE_STRIP = NO;
				DEAD_CODE_STRIPPING = YES;
				DEBUG_INFORMATION_FORMAT = dwarf;
				ENABLE_STRICT_OBJC_MSGSEND = YES;
				ENABLE_TESTABILITY = YES;
				GCC_C_LANGUAGE_STANDARD = gnu11;
				GCC_DYNAMIC_NO_PIC = NO;
				GCC_NO_COMMON_BLOCKS = YES;
				GCC_OPTIMIZATION_LEVEL = 0;
				GCC_PREPROCESSOR_DEFINITIONS = (
					"DEBUG=1",
					"$(inherited)",
				);
				GCC_WARN_64_TO_32_BIT_CONVERSION = YES;
				GCC_WARN_ABOUT_RETURN_TYPE = YES_ERROR;
				GCC_WARN_UNDECLARED_SELECTOR = YES;
				GCC_WARN_UNINITIALIZED_AUTOS = YES_AGGRESSIVE;
				GCC_WARN_UNUSED_FUNCTION = YES;
				GCC_WARN_UNUSED_VARIABLE = YES;
				MTL_ENABLE_DEBUG_INFO = YES;
				ONLY_ACTIVE_ARCH = YES;
				PRODUCT_NAME = "$(TARGET_NAME)";
			};
			name = Debug;
		};
/* End XCBuildConfiguration section */

/* Begin XCConfigurationList section */
		0274E86D3F1F5BE73CBEC6FC /* Build configuration list for PBXNativeTarget "GOIM" */ = {
			isa = XCConfigurationList;
			buildConfigurations = (
				121045D09AF25F331AFA2E16 /* Debug */,
				6E6885F6F00FF20132348D05 /* Release */,
			);
			defaultConfigurationIsVisible = 0;
			defaultConfigurationName = Release;
		};
		B3FD05C59F197F398A0B04AB /* Build configuration list for PBXProject "App" */ = {
			isa = XCConfigurationList;
			buildConfigurations = (
				F61063B78755D98B1B9C3697 /* Debug */,
				5C9EF0E6AF4F9491454DE177 /* Release */,
			);
			defaultConfigurationIsVisible = 0;
			defaultConfigurationName = Release;
		};
/* End XCConfigurationList section */
	};
	rootObject = 6B590BF25178DC7D824D09CE /* Project object */;
}
