// !$*UTF8*$!
{
	archiveVersion = 1;
	classes = {
	};
	objectVersion = 55;
	objects = {

/* Begin PBXBuildFile section */
		0089F602C0C489499DFCA399 /* FriendPickerViewController.swift in Sources */ = {isa = PBXBuildFile; fileRef = B6FBF1F27C6988B954C900D7 /* FriendPickerViewController.swift */; };
		081005E7E1440B8FDF92CCFD /* ChatComposerAccessory.swift in Sources */ = {isa = PBXBuildFile; fileRef = AD5A257C993048F3DEDCD7FD /* ChatComposerAccessory.swift */; };
		0E8E5F3631DB90192CF888E2 /* AVKit.framework in Frameworks */ = {isa = PBXBuildFile; fileRef = 037C51A6D1A30463E20A92AE /* AVKit.framework */; };
		19F6577AD119ADE35B69E96B /* AppEnvironment.swift in Sources */ = {isa = PBXBuildFile; fileRef = 442030232CADED95A2ADC002 /* AppEnvironment.swift */; };
		1E815B5B4E9CD59FC2F828D6 /* ChatComposerBar.swift in Sources */ = {isa = PBXBuildFile; fileRef = 5548B11C462A1CDF3CE5BC8B /* ChatComposerBar.swift */; };
		1F56588D2FB0547ECCFDB3E1 /* MainTabBarController.swift in Sources */ = {isa = PBXBuildFile; fileRef = 08D6A9E253693427557F2ED5 /* MainTabBarController.swift */; };
		25DCBF77A852951FF33382FA /* LoginViewModel.swift in Sources */ = {isa = PBXBuildFile; fileRef = 717A82BE2EAB93D062C88993 /* LoginViewModel.swift */; };
		292A48546F29BBD45AA90320 /* ServerSettingsViewController.swift in Sources */ = {isa = PBXBuildFile; fileRef = A4FC7ECE2FF02F5A1BEEFE79 /* ServerSettingsViewController.swift */; };
		3BA2ACAE80D538954FE53359 /* Kingfisher.framework in Frameworks */ = {isa = PBXBuildFile; fileRef = DAF37120CD93338E2FDE8F39 /* Kingfisher.framework */; };
		3DC453B54A61FE2E77577F8E /* SearchViewModel.swift in Sources */ = {isa = PBXBuildFile; fileRef = 4B9568357761966FD16EC2DA /* SearchViewModel.swift */; };
		43F14E58C64869B72E3DB2AC /* ConversationListViewController.swift in Sources */ = {isa = PBXBuildFile; fileRef = 56166CB8D8C19D64D6A2F2D5 /* ConversationListViewController.swift */; };
		449A4A1BEDBD894188041B2B /* FileMessageContentView.swift in Sources */ = {isa = PBXBuildFile; fileRef = 7465B7042BD37EE68041459A /* FileMessageContentView.swift */; };
		46A53730561D5424215962D4 /* StickerImageCache.swift in Sources */ = {isa = PBXBuildFile; fileRef = A559335377136CB1082145AC /* StickerImageCache.swift */; };
		4A752FA9C0C3105AA5C70DAB /* MoreAccessoryPanel.swift in Sources */ = {isa = PBXBuildFile; fileRef = 7A26B83892D4983D01A02ED3 /* MoreAccessoryPanel.swift */; };
		5007EAD535FAC058FDDA647E /* VideoMessageContentView.swift in Sources */ = {isa = PBXBuildFile; fileRef = F91A8DF4E9E5B011D492B37D /* VideoMessageContentView.swift */; };
		5454FA743D4525ED16C648BC /* MentionPickerViewController.swift in Sources */ = {isa = PBXBuildFile; fileRef = AD893B05F01C156FBF665F17 /* MentionPickerViewController.swift */; };
		5D43CF33690D8BCAAE6EB3A8 /* EmojiAccessoryPanel.swift in Sources */ = {isa = PBXBuildFile; fileRef = 5FA76BC619B13BACBBB6CE55 /* EmojiAccessoryPanel.swift */; };
		5EC0E2484256FFB20908E0DC /* QuickLook.framework in Frameworks */ = {isa = PBXBuildFile; fileRef = 30AFFED66AE59FB40E7A4582 /* QuickLook.framework */; };
		6241726E05F50EE01C149D5D /* MessageBubbleMapper.swift in Sources */ = {isa = PBXBuildFile; fileRef = BB25C8B2C6291EC3322F581F /* MessageBubbleMapper.swift */; };
		65FC007D972692BFB0ECFB07 /* MessageBubbleViewModel.swift in Sources */ = {isa = PBXBuildFile; fileRef = C28D593259962305CBC633C9 /* MessageBubbleViewModel.swift */; };
		7027F6D26F993CB177E719C3 /* ChatImageAccessoryPanel.swift in Sources */ = {isa = PBXBuildFile; fileRef = 291F09AEF8BBCCDFD489AC35 /* ChatImageAccessoryPanel.swift */; };
		7311D61A97F7C51C6E3EC428 /* TextMessageContentView.swift in Sources */ = {isa = PBXBuildFile; fileRef = C67F9556043AE54FA87D1CE4 /* TextMessageContentView.swift */; };
		74AA705FEEC392C5CF875838 /* ContactsViewController.swift in Sources */ = {isa = PBXBuildFile; fileRef = 10F46DDCC7E9E6A60133615A /* ContactsViewController.swift */; };
		8085D88A48CB7AEDD1720E17 /* AVFoundation.framework in Frameworks */ = {isa = PBXBuildFile; fileRef = D02F279F8F9C1D5C4CC79F36 /* AVFoundation.framework */; };
		83B36C2A1C1D7A7DE515AD8D /* GroupsViewModel.swift in Sources */ = {isa = PBXBuildFile; fileRef = AE4243DCD31C287817197D3D /* GroupsViewModel.swift */; };
		8EF1F96972A4A874D88A4F06 /* FileDownloadViewController.swift in Sources */ = {isa = PBXBuildFile; fileRef = 520CEBF3BAA750B5A9DAA23C /* FileDownloadViewController.swift */; };
		930077E585221BCE212B2265 /* VoiceAccessoryPanel.swift in Sources */ = {isa = PBXBuildFile; fileRef = 82E90BE7D739D88EFF720790 /* VoiceAccessoryPanel.swift */; };
		94263ED0A63D1D8C40CE817E /* ChatViewController.swift in Sources */ = {isa = PBXBuildFile; fileRef = BA3DCCB5D0A480E9A77FE2E5 /* ChatViewController.swift */; };
		95DE84C90BC427AB16B28D5B /* SettingsViewController.swift in Sources */ = {isa = PBXBuildFile; fileRef = 7333E10251C845BB0139EBC6 /* SettingsViewController.swift */; };
		9A38F45616541E23B2BD7536 /* Domain.framework in Frameworks */ = {isa = PBXBuildFile; fileRef = 82F0720D9B464CF8F3E51AD1 /* Domain.framework */; };
		9B7222A2BAA52BCB237DF9EE /* NewFriendsViewController.swift in Sources */ = {isa = PBXBuildFile; fileRef = 70F372A70C41BA652D2B7550 /* NewFriendsViewController.swift */; };
		9CFD3EE345CFE91037D288A1 /* GroupInfoViewController.swift in Sources */ = {isa = PBXBuildFile; fileRef = A3CA00D2DCE363E383E7AF6B /* GroupInfoViewController.swift */; };
		A0F163665360ECB79214438C /* GOIMAppearance.swift in Sources */ = {isa = PBXBuildFile; fileRef = 5622D9AE824EC95785795937 /* GOIMAppearance.swift */; };
		A810B34C3896A142DDC1B7BD /* LoginViewController.swift in Sources */ = {isa = PBXBuildFile; fileRef = D55380062BB92CC4207311E7 /* LoginViewController.swift */; };
		AE322F873EB5CD81A4801A6B /* VoiceWaveformBarsView.swift in Sources */ = {isa = PBXBuildFile; fileRef = 867A4E507E0B31F9D3294FAC /* VoiceWaveformBarsView.swift */; };
		B05E0B7F1F4C6ED42645E70E /* VoiceRecorder.swift in Sources */ = {isa = PBXBuildFile; fileRef = 14E0B8DA9BF42823545F7E95 /* VoiceRecorder.swift */; };
		C1146555A8E5AF0C8BFD3754 /* ImageMessageContentView.swift in Sources */ = {isa = PBXBuildFile; fileRef = CE04080860D820C367BF9821 /* ImageMessageContentView.swift */; };
		C69F416DF07BCBEAD082D6E8 /* ConversationListViewModel.swift in Sources */ = {isa = PBXBuildFile; fileRef = 25A9A62B96B1228609D82A09 /* ConversationListViewModel.swift */; };
		C79BC2F3CED9AF79E050788A /* VoiceMessageContentView.swift in Sources */ = {isa = PBXBuildFile; fileRef = 15B46E58CD448CBB1C3E9567 /* VoiceMessageContentView.swift */; };
		C971CC7DB86A1CB907A1E7E5 /* MediaPreview.swift in Sources */ = {isa = PBXBuildFile; fileRef = C4BD3454218BD49CC3D2CF30 /* MediaPreview.swift */; };
		CDF9107D5A660FC35D5D2D4D /* SearchViewController.swift in Sources */ = {isa = PBXBuildFile; fileRef = AEF91866913359D01E3A5F57 /* SearchViewController.swift */; };
		D01FD03B3063D052F3FC6B0A /* MessageBubbleCell.swift in Sources */ = {isa = PBXBuildFile; fileRef = 92256CEB0C9911EB1EFDFCD0 /* MessageBubbleCell.swift */; };
		D514B47BAD487F0DF00AC450 /* MessageContentView.swift in Sources */ = {isa = PBXBuildFile; fileRef = 1B9C0A982A25CC035F0EE223 /* MessageContentView.swift */; };
		D6F16D24C1375F54B9530DA8 /* StickerMessageContentView.swift in Sources */ = {isa = PBXBuildFile; fileRef = C2E3B627BD9291A2459A7552 /* StickerMessageContentView.swift */; };
		DACF659AC6AB0454ACB3FBE9 /* ContactsViewModel.swift in Sources */ = {isa = PBXBuildFile; fileRef = 8BC8F6336477FAD93635F6A2 /* ContactsViewModel.swift */; };
		DD8D66C2E105970BE40BC980 /* MessageBubbleLayout.swift in Sources */ = {isa = PBXBuildFile; fileRef = C3D6FC21A7E354FCF67F8D56 /* MessageBubbleLayout.swift */; };
		E3A13586C59B6A7395FA4593 /* DeveloperSettings.swift in Sources */ = {isa = PBXBuildFile; fileRef = 9010F95E5A57DF12625E189C /* DeveloperSettings.swift */; };
		E42D2B195B5E7FD5F13A8FD9 /* SystemMessageContentView.swift in Sources */ = {isa = PBXBuildFile; fileRef = 6C149B89A6CE500443ADA2C6 /* SystemMessageContentView.swift */; };
		E8F47829F0B6CD6310A6F13E /* StickerAccessoryPanel.swift in Sources */ = {isa = PBXBuildFile; fileRef = 5E3AA015690B9DFDBAB651FB /* StickerAccessoryPanel.swift */; };
		EC9F0D69C275EDE13DC30E3A /* GroupsViewController.swift in Sources */ = {isa = PBXBuildFile; fileRef = 0F8D5C3383EE89C50CE3D753 /* GroupsViewController.swift */; };
		F4A1E548002EA720F56AB739 /* ImageCompressor.swift in Sources */ = {isa = PBXBuildFile; fileRef = 7E486F103CB6665A4BDB0BF5 /* ImageCompressor.swift */; };
		F97087B6D910F774406793B2 /* ChatViewModel.swift in Sources */ = {isa = PBXBuildFile; fileRef = 763E3913D61CD2E64A0B3065 /* ChatViewModel.swift */; };
/* End PBXBuildFile section */

/* Begin PBXCopyFilesBuildPhase section */
		6A01109A927826C6721A499C /* Embed Frameworks */ = {
			isa = PBXCopyFilesBuildPhase;
			buildActionMask = 2147483647;
			dstPath = "";
			dstSubfolderSpec = 10;
			files = (
			);
			name = "Embed Frameworks";
			runOnlyForDeploymentPostprocessing = 0;
		};
/* End PBXCopyFilesBuildPhase section */

/* Begin PBXFileReference section */
		037C51A6D1A30463E20A92AE /* AVKit.framework */ = {isa = PBXFileReference; lastKnownFileType = wrapper.framework; name = AVKit.framework; path = Platforms/iPhoneOS.platform/Developer/SDKs/iPhoneOS.sdk/System/Library/Frameworks/AVKit.framework; sourceTree = DEVELOPER_DIR; };
		08D6A9E253693427557F2ED5 /* MainTabBarController.swift */ = {isa = PBXFileReference; lastKnownFileType = sourcecode.swift; path = MainTabBarController.swift; sourceTree = "<group>"; };
		0F8D5C3383EE89C50CE3D753 /* GroupsViewController.swift */ = {isa = PBXFileReference; lastKnownFileType = sourcecode.swift; path = GroupsViewController.swift; sourceTree = "<group>"; };
		10F46DDCC7E9E6A60133615A /* ContactsViewController.swift */ = {isa = PBXFileReference; lastKnownFileType = sourcecode.swift; path = ContactsViewController.swift; sourceTree = "<group>"; };
		134AEE009D928C7E39EAF4CD /* Presentation-Info.plist */ = {isa = PBXFileReference; lastKnownFileType = text.plist; path = "Presentation-Info.plist"; sourceTree = "<group>"; };
		14E0B8DA9BF42823545F7E95 /* VoiceRecorder.swift */ = {isa = PBXFileReference; lastKnownFileType = sourcecode.swift; path = VoiceRecorder.swift; sourceTree = "<group>"; };
		15B46E58CD448CBB1C3E9567 /* VoiceMessageContentView.swift */ = {isa = PBXFileReference; lastKnownFileType = sourcecode.swift; path = VoiceMessageContentView.swift; sourceTree = "<group>"; };
		1B9C0A982A25CC035F0EE223 /* MessageContentView.swift */ = {isa = PBXFileReference; lastKnownFileType = sourcecode.swift; path = MessageContentView.swift; sourceTree = "<group>"; };
		25A9A62B96B1228609D82A09 /* ConversationListViewModel.swift */ = {isa = PBXFileReference; lastKnownFileType = sourcecode.swift; path = ConversationListViewModel.swift; sourceTree = "<group>"; };
		291F09AEF8BBCCDFD489AC35 /* ChatImageAccessoryPanel.swift */ = {isa = PBXFileReference; lastKnownFileType = sourcecode.swift; path = ChatImageAccessoryPanel.swift; sourceTree = "<group>"; };
		30AFFED66AE59FB40E7A4582 /* QuickLook.framework */ = {isa = PBXFileReference; lastKnownFileType = wrapper.framework; name = QuickLook.framework; path = Platforms/iPhoneOS.platform/Developer/SDKs/iPhoneOS.sdk/System/Library/Frameworks/QuickLook.framework; sourceTree = DEVELOPER_DIR; };
		342AE4EAEE40294F0A26F2B8 /* Presentation.framework */ = {isa = PBXFileReference; explicitFileType = wrapper.framework; includeInIndex = 0; path = Presentation.framework; sourceTree = BUILT_PRODUCTS_DIR; };
		442030232CADED95A2ADC002 /* AppEnvironment.swift */ = {isa = PBXFileReference; lastKnownFileType = sourcecode.swift; path = AppEnvironment.swift; sourceTree = "<group>"; };
		4B9568357761966FD16EC2DA /* SearchViewModel.swift */ = {isa = PBXFileReference; lastKnownFileType = sourcecode.swift; path = SearchViewModel.swift; sourceTree = "<group>"; };
		520CEBF3BAA750B5A9DAA23C /* FileDownloadViewController.swift */ = {isa = PBXFileReference; lastKnownFileType = sourcecode.swift; path = FileDownloadViewController.swift; sourceTree = "<group>"; };
		5548B11C462A1CDF3CE5BC8B /* ChatComposerBar.swift */ = {isa = PBXFileReference; lastKnownFileType = sourcecode.swift; path = ChatComposerBar.swift; sourceTree = "<group>"; };
		56166CB8D8C19D64D6A2F2D5 /* ConversationListViewController.swift */ = {isa = PBXFileReference; lastKnownFileType = sourcecode.swift; path = ConversationListViewController.swift; sourceTree = "<group>"; };
		5622D9AE824EC95785795937 /* GOIMAppearance.swift */ = {isa = PBXFileReference; lastKnownFileType = sourcecode.swift; path = GOIMAppearance.swift; sourceTree = "<group>"; };
		5E3AA015690B9DFDBAB651FB /* StickerAccessoryPanel.swift */ = {isa = PBXFileReference; lastKnownFileType = sourcecode.swift; path = StickerAccessoryPanel.swift; sourceTree = "<group>"; };
		5FA76BC619B13BACBBB6CE55 /* EmojiAccessoryPanel.swift */ = {isa = PBXFileReference; lastKnownFileType = sourcecode.swift; path = EmojiAccessoryPanel.swift; sourceTree = "<group>"; };
		6C149B89A6CE500443ADA2C6 /* SystemMessageContentView.swift */ = {isa = PBXFileReference; lastKnownFileType = sourcecode.swift; path = SystemMessageContentView.swift; sourceTree = "<group>"; };
		70F372A70C41BA652D2B7550 /* NewFriendsViewController.swift */ = {isa = PBXFileReference; lastKnownFileType = sourcecode.swift; path = NewFriendsViewController.swift; sourceTree = "<group>"; };
		717A82BE2EAB93D062C88993 /* LoginViewModel.swift */ = {isa = PBXFileReference; lastKnownFileType = sourcecode.swift; path = LoginViewModel.swift; sourceTree = "<group>"; };
		7333E10251C845BB0139EBC6 /* SettingsViewController.swift */ = {isa = PBXFileReference; lastKnownFileType = sourcecode.swift; path = SettingsViewController.swift; sourceTree = "<group>"; };
		7465B7042BD37EE68041459A /* FileMessageContentView.swift */ = {isa = PBXFileReference; lastKnownFileType = sourcecode.swift; path = FileMessageContentView.swift; sourceTree = "<group>"; };
		763E3913D61CD2E64A0B3065 /* ChatViewModel.swift */ = {isa = PBXFileReference; lastKnownFileType = sourcecode.swift; path = ChatViewModel.swift; sourceTree = "<group>"; };
		7A26B83892D4983D01A02ED3 /* MoreAccessoryPanel.swift */ = {isa = PBXFileReference; lastKnownFileType = sourcecode.swift; path = MoreAccessoryPanel.swift; sourceTree = "<group>"; };
		7E486F103CB6665A4BDB0BF5 /* ImageCompressor.swift */ = {isa = PBXFileReference; lastKnownFileType = sourcecode.swift; path = ImageCompressor.swift; sourceTree = "<group>"; };
		82E90BE7D739D88EFF720790 /* VoiceAccessoryPanel.swift */ = {isa = PBXFileReference; lastKnownFileType = sourcecode.swift; path = VoiceAccessoryPanel.swift; sourceTree = "<group>"; };
		82F0720D9B464CF8F3E51AD1 /* Domain.framework */ = {isa = PBXFileReference; explicitFileType = wrapper.framework; includeInIndex = 0; path = Domain.framework; sourceTree = BUILT_PRODUCTS_DIR; };
		867A4E507E0B31F9D3294FAC /* VoiceWaveformBarsView.swift */ = {isa = PBXFileReference; lastKnownFileType = sourcecode.swift; path = VoiceWaveformBarsView.swift; sourceTree = "<group>"; };
		8BC8F6336477FAD93635F6A2 /* ContactsViewModel.swift */ = {isa = PBXFileReference; lastKnownFileType = sourcecode.swift; path = ContactsViewModel.swift; sourceTree = "<group>"; };
		9010F95E5A57DF12625E189C /* DeveloperSettings.swift */ = {isa = PBXFileReference; lastKnownFileType = sourcecode.swift; path = DeveloperSettings.swift; sourceTree = "<group>"; };
		92256CEB0C9911EB1EFDFCD0 /* MessageBubbleCell.swift */ = {isa = PBXFileReference; lastKnownFileType = sourcecode.swift; path = MessageBubbleCell.swift; sourceTree = "<group>"; };
		A3CA00D2DCE363E383E7AF6B /* GroupInfoViewController.swift */ = {isa = PBXFileReference; lastKnownFileType = sourcecode.swift; path = GroupInfoViewController.swift; sourceTree = "<group>"; };
		A4FC7ECE2FF02F5A1BEEFE79 /* ServerSettingsViewController.swift */ = {isa = PBXFileReference; lastKnownFileType = sourcecode.swift; path = ServerSettingsViewController.swift; sourceTree = "<group>"; };
		A559335377136CB1082145AC /* StickerImageCache.swift */ = {isa = PBXFileReference; lastKnownFileType = sourcecode.swift; path = StickerImageCache.swift; sourceTree = "<group>"; };
		AD5A257C993048F3DEDCD7FD /* ChatComposerAccessory.swift */ = {isa = PBXFileReference; lastKnownFileType = sourcecode.swift; path = ChatComposerAccessory.swift; sourceTree = "<group>"; };
		AD893B05F01C156FBF665F17 /* MentionPickerViewController.swift */ = {isa = PBXFileReference; lastKnownFileType = sourcecode.swift; path = MentionPickerViewController.swift; sourceTree = "<group>"; };
		AE4243DCD31C287817197D3D /* GroupsViewModel.swift */ = {isa = PBXFileReference; lastKnownFileType = sourcecode.swift; path = GroupsViewModel.swift; sourceTree = "<group>"; };
		AEF91866913359D01E3A5F57 /* SearchViewController.swift */ = {isa = PBXFileReference; lastKnownFileType = sourcecode.swift; path = SearchViewController.swift; sourceTree = "<group>"; };
		B6FBF1F27C6988B954C900D7 /* FriendPickerViewController.swift */ = {isa = PBXFileReference; lastKnownFileType = sourcecode.swift; path = FriendPickerViewController.swift; sourceTree = "<group>"; };
		BA3DCCB5D0A480E9A77FE2E5 /* ChatViewController.swift */ = {isa = PBXFileReference; lastKnownFileType = sourcecode.swift; path = ChatViewController.swift; sourceTree = "<group>"; };
		BB25C8B2C6291EC3322F581F /* MessageBubbleMapper.swift */ = {isa = PBXFileReference; lastKnownFileType = sourcecode.swift; path = MessageBubbleMapper.swift; sourceTree = "<group>"; };
		C28D593259962305CBC633C9 /* MessageBubbleViewModel.swift */ = {isa = PBXFileReference; lastKnownFileType = sourcecode.swift; path = MessageBubbleViewModel.swift; sourceTree = "<group>"; };
		C2E3B627BD9291A2459A7552 /* StickerMessageContentView.swift */ = {isa = PBXFileReference; lastKnownFileType = sourcecode.swift; path = StickerMessageContentView.swift; sourceTree = "<group>"; };
		C3D6FC21A7E354FCF67F8D56 /* MessageBubbleLayout.swift */ = {isa = PBXFileReference; lastKnownFileType = sourcecode.swift; path = MessageBubbleLayout.swift; sourceTree = "<group>"; };
		C4BD3454218BD49CC3D2CF30 /* MediaPreview.swift */ = {isa = PBXFileReference; lastKnownFileType = sourcecode.swift; path = MediaPreview.swift; sourceTree = "<group>"; };
		C67F9556043AE54FA87D1CE4 /* TextMessageContentView.swift */ = {isa = PBXFileReference; lastKnownFileType = sourcecode.swift; path = TextMessageContentView.swift; sourceTree = "<group>"; };
		CE04080860D820C367BF9821 /* ImageMessageContentView.swift */ = {isa = PBXFileReference; lastKnownFileType = sourcecode.swift; path = ImageMessageContentView.swift; sourceTree = "<group>"; };
		D02F279F8F9C1D5C4CC79F36 /* AVFoundation.framework */ = {isa = PBXFileReference; lastKnownFileType = wrapper.framework; name = AVFoundation.framework; path = Platforms/iPhoneOS.platform/Developer/SDKs/iPhoneOS.sdk/System/Library/Frameworks/AVFoundation.framework; sourceTree = DEVELOPER_DIR; };
		D55380062BB92CC4207311E7 /* LoginViewController.swift */ = {isa = PBXFileReference; lastKnownFileType = sourcecode.swift; path = LoginViewController.swift; sourceTree = "<group>"; };
		DAF37120CD93338E2FDE8F39 /* Kingfisher.framework */ = {isa = PBXFileReference; explicitFileType = wrapper.framework; includeInIndex = 0; path = Kingfisher.framework; sourceTree = BUILT_PRODUCTS_DIR; };
		F91A8DF4E9E5B011D492B37D /* VideoMessageContentView.swift */ = {isa = PBXFileReference; lastKnownFileType = sourcecode.swift; path = VideoMessageContentView.swift; sourceTree = "<group>"; };
/* End PBXFileReference section */

/* Begin PBXFrameworksBuildPhase section */
		AD6BB5BA06158E0D2E4C8A3C /* Frameworks */ = {
			isa = PBXFrameworksBuildPhase;
			buildActionMask = 2147483647;
			files = (
				8085D88A48CB7AEDD1720E17 /* AVFoundation.framework in Frameworks */,
				0E8E5F3631DB90192CF888E2 /* AVKit.framework in Frameworks */,
				5EC0E2484256FFB20908E0DC /* QuickLook.framework in Frameworks */,
				9A38F45616541E23B2BD7536 /* Domain.framework in Frameworks */,
				3BA2ACAE80D538954FE53359 /* Kingfisher.framework in Frameworks */,
			);
			runOnlyForDeploymentPostprocessing = 0;
		};
/* End PBXFrameworksBuildPhase section */

/* Begin PBXGroup section */
		0AFAC06752C8686A471E1284 /* Accessories */ = {
			isa = PBXGroup;
			children = (
				291F09AEF8BBCCDFD489AC35 /* ChatImageAccessoryPanel.swift */,
				5FA76BC619B13BACBBB6CE55 /* EmojiAccessoryPanel.swift */,
				7A26B83892D4983D01A02ED3 /* MoreAccessoryPanel.swift */,
				5E3AA015690B9DFDBAB651FB /* StickerAccessoryPanel.swift */,
				82E90BE7D739D88EFF720790 /* VoiceAccessoryPanel.swift */,
			);
			path = Accessories;
			sourceTree = "<group>";
		};
		1009B98B90CE1A80040E5A44 /* Common */ = {
			isa = PBXGroup;
			children = (
				442030232CADED95A2ADC002 /* AppEnvironment.swift */,
				5622D9AE824EC95785795937 /* GOIMAppearance.swift */,
				08D6A9E253693427557F2ED5 /* MainTabBarController.swift */,
			);
			path = Common;
			sourceTree = "<group>";
		};
		109454F3C51712F64CDFF74E /* Bubble */ = {
			isa = PBXGroup;
			children = (
				6B82DFF637E9599C3AA937A8 /* Contents */,
				92256CEB0C9911EB1EFDFCD0 /* MessageBubbleCell.swift */,
				C3D6FC21A7E354FCF67F8D56 /* MessageBubbleLayout.swift */,
				BB25C8B2C6291EC3322F581F /* MessageBubbleMapper.swift */,
				C28D593259962305CBC633C9 /* MessageBubbleViewModel.swift */,
				1B9C0A982A25CC035F0EE223 /* MessageContentView.swift */,
			);
			path = Bubble;
			sourceTree = "<group>";
		};
		4750F860E7126A4865576EA5 /* Derived */ = {
			isa = PBXGroup;
			children = (
				4C813A262FB7BAE2D823EAF8 /* InfoPlists */,
			);
			path = Derived;
			sourceTree = "<group>";
		};
		4C813A262FB7BAE2D823EAF8 /* InfoPlists */ = {
			isa = PBXGroup;
			children = (
				134AEE009D928C7E39EAF4CD /* Presentation-Info.plist */,
			);
			path = InfoPlists;
			sourceTree = "<group>";
		};
		5CB58797EB2A797FE12B3AED /* Search */ = {
			isa = PBXGroup;
			children = (
				AEF91866913359D01E3A5F57 /* SearchViewController.swift */,
				4B9568357761966FD16EC2DA /* SearchViewModel.swift */,
			);
			path = Search;
			sourceTree = "<group>";
		};
		64895440671D853462B8F17E /* Chat */ = {
			isa = PBXGroup;
			children = (
				109454F3C51712F64CDFF74E /* Bubble */,
				C8D9C63BE966B26C220DA69F /* Composer */,
				BA3DCCB5D0A480E9A77FE2E5 /* ChatViewController.swift */,
				763E3913D61CD2E64A0B3065 /* ChatViewModel.swift */,
				520CEBF3BAA750B5A9DAA23C /* FileDownloadViewController.swift */,
				7E486F103CB6665A4BDB0BF5 /* ImageCompressor.swift */,
				C4BD3454218BD49CC3D2CF30 /* MediaPreview.swift */,
				AD893B05F01C156FBF665F17 /* MentionPickerViewController.swift */,
				A559335377136CB1082145AC /* StickerImageCache.swift */,
				14E0B8DA9BF42823545F7E95 /* VoiceRecorder.swift */,
				867A4E507E0B31F9D3294FAC /* VoiceWaveformBarsView.swift */,
			);
			path = Chat;
			sourceTree = "<group>";
		};
		6B82DFF637E9599C3AA937A8 /* Contents */ = {
			isa = PBXGroup;
			children = (
				7465B7042BD37EE68041459A /* FileMessageContentView.swift */,
				CE04080860D820C367BF9821 /* ImageMessageContentView.swift */,
				C2E3B627BD9291A2459A7552 /* StickerMessageContentView.swift */,
				6C149B89A6CE500443ADA2C6 /* SystemMessageContentView.swift */,
				C67F9556043AE54FA87D1CE4 /* TextMessageContentView.swift */,
				F91A8DF4E9E5B011D492B37D /* VideoMessageContentView.swift */,
				15B46E58CD448CBB1C3E9567 /* VoiceMessageContentView.swift */,
			);
			path = Contents;
			sourceTree = "<group>";
		};
		8D825CA6F8A9CE5FCB00787B /* Login */ = {
			isa = PBXGroup;
			children = (
				D55380062BB92CC4207311E7 /* LoginViewController.swift */,
				717A82BE2EAB93D062C88993 /* LoginViewModel.swift */,
				A4FC7ECE2FF02F5A1BEEFE79 /* ServerSettingsViewController.swift */,
			);
			path = Login;
			sourceTree = "<group>";
		};
		9AB6CC6007B62F116FDDA23D /* Settings */ = {
			isa = PBXGroup;
			children = (
				9010F95E5A57DF12625E189C /* DeveloperSettings.swift */,
				7333E10251C845BB0139EBC6 /* SettingsViewController.swift */,
			);
			path = Settings;
			sourceTree = "<group>";
		};
		ACFC6E8F6D299B22A1D9900B /* Sources */ = {
			isa = PBXGroup;
			children = (
				64895440671D853462B8F17E /* Chat */,
				1009B98B90CE1A80040E5A44 /* Common */,
				B8BC5B17D727469CC68AB15B /* Contacts */,
				C7E489785A5F7B8E0FA6C121 /* Conversations */,
				8D825CA6F8A9CE5FCB00787B /* Login */,
				5CB58797EB2A797FE12B3AED /* Search */,
				9AB6CC6007B62F116FDDA23D /* Settings */,
			);
			path = Sources;
			sourceTree = "<group>";
		};
		B8BC5B17D727469CC68AB15B /* Contacts */ = {
			isa = PBXGroup;
			children = (
				10F46DDCC7E9E6A60133615A /* ContactsViewController.swift */,
				8BC8F6336477FAD93635F6A2 /* ContactsViewModel.swift */,
				B6FBF1F27C6988B954C900D7 /* FriendPickerViewController.swift */,
				A3CA00D2DCE363E383E7AF6B /* GroupInfoViewController.swift */,
				0F8D5C3383EE89C50CE3D753 /* GroupsViewController.swift */,
				AE4243DCD31C287817197D3D /* GroupsViewModel.swift */,
				70F372A70C41BA652D2B7550 /* NewFriendsViewController.swift */,
			);
			path = Contacts;
			sourceTree = "<group>";
		};
		C02C5E1EE85A039BFF7C8F57 /* Project */ = {
			isa = PBXGroup;
			children = (
				4750F860E7126A4865576EA5 /* Derived */,
				ACFC6E8F6D299B22A1D9900B /* Sources */,
			);
			name = Project;
			sourceTree = "<group>";
		};
		C7E489785A5F7B8E0FA6C121 /* Conversations */ = {
			isa = PBXGroup;
			children = (
				56166CB8D8C19D64D6A2F2D5 /* ConversationListViewController.swift */,
				25A9A62B96B1228609D82A09 /* ConversationListViewModel.swift */,
			);
			path = Conversations;
			sourceTree = "<group>";
		};
		C8D9C63BE966B26C220DA69F /* Composer */ = {
			isa = PBXGroup;
			children = (
				0AFAC06752C8686A471E1284 /* Accessories */,
				AD5A257C993048F3DEDCD7FD /* ChatComposerAccessory.swift */,
				5548B11C462A1CDF3CE5BC8B /* ChatComposerBar.swift */,
			);
			path = Composer;
			sourceTree = "<group>";
		};
		F6D62D9CC500DDA356076FB6 /* Products */ = {
			isa = PBXGroup;
			children = (
				82F0720D9B464CF8F3E51AD1 /* Domain.framework */,
				DAF37120CD93338E2FDE8F39 /* Kingfisher.framework */,
				342AE4EAEE40294F0A26F2B8 /* Presentation.framework */,
			);
			name = Products;
			sourceTree = "<group>";
		};
		FB16DD150B16F59498923414 = {
			isa = PBXGroup;
			children = (
				F6D62D9CC500DDA356076FB6 /* Products */,
				C02C5E1EE85A039BFF7C8F57 /* Project */,
				FB76764758DC2A9FA9FEE70B /* Frameworks */,
			);
			sourceTree = "<group>";
		};
		FB76764758DC2A9FA9FEE70B /* Frameworks */ = {
			isa = PBXGroup;
			children = (
				D02F279F8F9C1D5C4CC79F36 /* AVFoundation.framework */,
				037C51A6D1A30463E20A92AE /* AVKit.framework */,
				30AFFED66AE59FB40E7A4582 /* QuickLook.framework */,
			);
			name = Frameworks;
			sourceTree = "<group>";
		};
/* End PBXGroup section */

/* Begin PBXNativeTarget section */
		3F31459B2DA9E5BB7B7E73E2 /* Presentation */ = {
			isa = PBXNativeTarget;
			buildConfigurationList = 3FBCA82F59D1854392A78BD5 /* Build configuration list for PBXNativeTarget "Presentation" */;
			buildPhases = (
				C7FD07473D6CB2443CFDEC8D /* Sources */,
				047D93C9CBD2893A19732950 /* Resources */,
				AD6BB5BA06158E0D2E4C8A3C /* Frameworks */,
				6A01109A927826C6721A499C /* Embed Frameworks */,
			);
			buildRules = (
			);
			dependencies = (
			);
			name = Presentation;
			packageProductDependencies = (
			);
			productName = Presentation;
			productReference = 342AE4EAEE40294F0A26F2B8 /* Presentation.framework */;
			productType = "com.apple.product-type.framework";
		};
/* End PBXNativeTarget section */

/* Begin PBXProject section */
		ADF92DF0AD8E920125A75062 /* Project object */ = {
			isa = PBXProject;
			attributes = {
				BuildIndependentTargetsInParallel = YES;
				ORGANIZATIONNAME = GOIM;
				TargetAttributes = {
				};
			};
			buildConfigurationList = 1F46484E0096B2E0258B70F5 /* Build configuration list for PBXProject "Presentation" */;
			compatibilityVersion = "Xcode 14.0";
			developmentRegion = en;
			hasScannedForEncodings = 0;
			knownRegions = (
				Base,
				en,
			);
			mainGroup = FB16DD150B16F59498923414;
			productRefGroup = F6D62D9CC500DDA356076FB6 /* Products */;
			projectDirPath = "";
			projectRoot = "";
			targets = (
				3F31459B2DA9E5BB7B7E73E2 /* Presentation */,
			);
		};
/* End PBXProject section */

/* Begin PBXResourcesBuildPhase section */
		047D93C9CBD2893A19732950 /* Resources */ = {
			isa = PBXResourcesBuildPhase;
			buildActionMask = 2147483647;
			files = (
			);
			runOnlyForDeploymentPostprocessing = 0;
		};
/* End PBXResourcesBuildPhase section */

/* Begin PBXSourcesBuildPhase section */
		C7FD07473D6CB2443CFDEC8D /* Sources */ = {
			isa = PBXSourcesBuildPhase;
			buildActionMask = 2147483647;
			files = (
				449A4A1BEDBD894188041B2B /* FileMessageContentView.swift in Sources */,
				C1146555A8E5AF0C8BFD3754 /* ImageMessageContentView.swift in Sources */,
				D6F16D24C1375F54B9530DA8 /* StickerMessageContentView.swift in Sources */,
				E42D2B195B5E7FD5F13A8FD9 /* SystemMessageContentView.swift in Sources */,
				7311D61A97F7C51C6E3EC428 /* TextMessageContentView.swift in Sources */,
				5007EAD535FAC058FDDA647E /* VideoMessageContentView.swift in Sources */,
				C79BC2F3CED9AF79E050788A /* VoiceMessageContentView.swift in Sources */,
				D01FD03B3063D052F3FC6B0A /* MessageBubbleCell.swift in Sources */,
				DD8D66C2E105970BE40BC980 /* MessageBubbleLayout.swift in Sources */,
				6241726E05F50EE01C149D5D /* MessageBubbleMapper.swift in Sources */,
				65FC007D972692BFB0ECFB07 /* MessageBubbleViewModel.swift in Sources */,
				D514B47BAD487F0DF00AC450 /* MessageContentView.swift in Sources */,
				94263ED0A63D1D8C40CE817E /* ChatViewController.swift in Sources */,
				F97087B6D910F774406793B2 /* ChatViewModel.swift in Sources */,
				7027F6D26F993CB177E719C3 /* ChatImageAccessoryPanel.swift in Sources */,
				5D43CF33690D8BCAAE6EB3A8 /* EmojiAccessoryPanel.swift in Sources */,
				4A752FA9C0C3105AA5C70DAB /* MoreAccessoryPanel.swift in Sources */,
				E8F47829F0B6CD6310A6F13E /* StickerAccessoryPanel.swift in Sources */,
				930077E585221BCE212B2265 /* VoiceAccessoryPanel.swift in Sources */,
				081005E7E1440B8FDF92CCFD /* ChatComposerAccessory.swift in Sources */,
				1E815B5B4E9CD59FC2F828D6 /* ChatComposerBar.swift in Sources */,
				8EF1F96972A4A874D88A4F06 /* FileDownloadViewController.swift in Sources */,
				F4A1E548002EA720F56AB739 /* ImageCompressor.swift in Sources */,
				C971CC7DB86A1CB907A1E7E5 /* MediaPreview.swift in Sources */,
				5454FA743D4525ED16C648BC /* MentionPickerViewController.swift in Sources */,
				46A53730561D5424215962D4 /* StickerImageCache.swift in Sources */,
				B05E0B7F1F4C6ED42645E70E /* VoiceRecorder.swift in Sources */,
				AE322F873EB5CD81A4801A6B /* VoiceWaveformBarsView.swift in Sources */,
				19F6577AD119ADE35B69E96B /* AppEnvironment.swift in Sources */,
				A0F163665360ECB79214438C /* GOIMAppearance.swift in Sources */,
				1F56588D2FB0547ECCFDB3E1 /* MainTabBarController.swift in Sources */,
				74AA705FEEC392C5CF875838 /* ContactsViewController.swift in Sources */,
				DACF659AC6AB0454ACB3FBE9 /* ContactsViewModel.swift in Sources */,
				0089F602C0C489499DFCA399 /* FriendPickerViewController.swift in Sources */,
				9CFD3EE345CFE91037D288A1 /* GroupInfoViewController.swift in Sources */,
				EC9F0D69C275EDE13DC30E3A /* GroupsViewController.swift in Sources */,
				83B36C2A1C1D7A7DE515AD8D /* GroupsViewModel.swift in Sources */,
				9B7222A2BAA52BCB237DF9EE /* NewFriendsViewController.swift in Sources */,
				43F14E58C64869B72E3DB2AC /* ConversationListViewController.swift in Sources */,
				C69F416DF07BCBEAD082D6E8 /* ConversationListViewModel.swift in Sources */,
				A810B34C3896A142DDC1B7BD /* LoginViewController.swift in Sources */,
				25DCBF77A852951FF33382FA /* LoginViewModel.swift in Sources */,
				292A48546F29BBD45AA90320 /* ServerSettingsViewController.swift in Sources */,
				CDF9107D5A660FC35D5D2D4D /* SearchViewController.swift in Sources */,
				3DC453B54A61FE2E77577F8E /* SearchViewModel.swift in Sources */,
				E3A13586C59B6A7395FA4593 /* DeveloperSettings.swift in Sources */,
				95DE84C90BC427AB16B28D5B /* SettingsViewController.swift in Sources */,
			);
			runOnlyForDeploymentPostprocessing = 0;
		};
/* End PBXSourcesBuildPhase section */

/* Begin XCBuildConfiguration section */
		28D22904AFA6A96E5C3BFA05 /* Release */ = {
			isa = XCBuildConfiguration;
			buildSettings = {
				CODE_SIGN_IDENTITY = "";
				CURRENT_PROJECT_VERSION = 1;
				DEFINES_MODULE = YES;
				DYLIB_COMPATIBILITY_VERSION = 1;
				DYLIB_CURRENT_VERSION = 1;
				DYLIB_INSTALL_NAME_BASE = "@rpath";
				INFOPLIST_FILE = "Derived/InfoPlists/Presentation-Info.plist";
				INSTALL_PATH = "$(LOCAL_LIBRARY_DIR)/Frameworks";
				IPHONEOS_DEPLOYMENT_TARGET = 16.0;
				LD_RUNPATH_SEARCH_PATHS = (
					"$(inherited)",
					"@executable_path/Frameworks",
					"@loader_path/Frameworks",
				);
				OTHER_LDFLAGS = (
					"$(inherited)",
					"-L$(DT_TOOLCHAIN_DIR)/usr/lib/swift/$(PLATFORM_NAME)",
				);
				PRODUCT_BUNDLE_IDENTIFIER = com.goim.presentation;
				PRODUCT_NAME = Presentation;
				SDKROOT = iphoneos;
				SKIP_INSTALL = YES;
				SUPPORTS_MACCATALYST = NO;
				SUPPORTS_MAC_DESIGNED_FOR_IPHONE_IPAD = YES;
				SUPPORTS_XR_DESIGNED_FOR_IPHONE_IPAD = NO;
				SWIFT_COMPILATION_MODE = wholemodule;
				SWIFT_OPTIMIZATION_LEVEL = "-O";
				SWIFT_STRICT_CONCURRENCY = targeted;
				SWIFT_VERSION = 6.0;
				TARGETED_DEVICE_FAMILY = "1,2";
				VERSIONING_SYSTEM = "apple-generic";
				VERSION_INFO_PREFIX = "";
			};
			name = Release;
		};
		47533D3906F1F9721EA2BF8A /* Release */ = {
			isa = XCBuildConfiguration;
			buildSettings = {
				ALWAYS_SEARCH_USER_PATHS = NO;
				CLANG_ANALYZER_LOCALIZABILITY_NONLOCALIZED = YES;
				CLANG_ANALYZER_NONNULL = YES;
				CLANG_ANALYZER_NUMBER_OBJECT_CONVERSION = YES_AGGRESSIVE;
				CLANG_CXX_LANGUAGE_STANDARD = "gnu++14";
				CLANG_CXX_LIBRARY = "libc++";
				CLANG_ENABLE_MODULES = YES;
				CLANG_ENABLE_OBJC_ARC = YES;
				CLANG_ENABLE_OBJC_WEAK = YES;
				CLANG_WARN_BLOCK_CAPTURE_AUTORELEASING = YES;
				CLANG_WARN_BOOL_CONVERSION = YES;
				CLANG_WARN_COMMA = YES;
				CLANG_WARN_CONSTANT_CONVERSION = YES;
				CLANG_WARN_DEPRECATED_OBJC_IMPLEMENTATIONS = YES;
				CLANG_WARN_DIRECT_OBJC_ISA_USAGE = YES_ERROR;
				CLANG_WARN_DOCUMENTATION_COMMENTS = YES;
				CLANG_WARN_EMPTY_BODY = YES;
				CLANG_WARN_ENUM_CONVERSION = YES;
				CLANG_WARN_INFINITE_RECURSION = YES;
				CLANG_WARN_INT_CONVERSION = YES;
				CLANG_WARN_NON_LITERAL_NULL_CONVERSION = YES;
				CLANG_WARN_OBJC_IMPLICIT_RETAIN_SELF = YES;
				CLANG_WARN_OBJC_LITERAL_CONVERSION = YES;
				CLANG_WARN_OBJC_ROOT_CLASS = YES_ERROR;
				CLANG_WARN_QUOTED_INCLUDE_IN_FRAMEWORK_HEADER = YES;
				CLANG_WARN_RANGE_LOOP_ANALYSIS = YES;
				CLANG_WARN_STRICT_PROTOTYPES = YES;
				CLANG_WARN_SUSPICIOUS_MOVE = YES;
				CLANG_WARN_UNGUARDED_AVAILABILITY = YES_AGGRESSIVE;
				CLANG_WARN_UNREACHABLE_CODE = YES;
				CLANG_WARN__DUPLICATE_METHOD_MATCH = YES;
				COPY_PHASE_STRIP = NO;
				DEAD_CODE_STRIPPING = YES;
				DEBUG_INFORMATION_FORMAT = "dwarf-with-dsym";
				ENABLE_NS_ASSERTIONS = NO;
				ENABLE_STRICT_OBJC_MSGSEND = YES;
				GCC_C_LANGUAGE_STANDARD = gnu11;
				GCC_NO_COMMON_BLOCKS = YES;
				GCC_WARN_64_TO_32_BIT_CONVERSION = YES;
				GCC_WARN_ABOUT_RETURN_TYPE = YES_ERROR;
				GCC_WARN_UNDECLARED_SELECTOR = YES;
				GCC_WARN_UNINITIALIZED_AUTOS = YES_AGGRESSIVE;
				GCC_WARN_UNUSED_FUNCTION = YES;
				GCC_WARN_UNUSED_VARIABLE = YES;
				MTL_ENABLE_DEBUG_INFO = NO;
				PRODUCT_NAME = "$(TARGET_NAME)";
				VALIDATE_PRODUCT = YES;
			};
			name = Release;
		};
		563B8081FDEA66696633ADD3 /* Debug */ = {
			isa = XCBuildConfiguration;
			buildSettings = {
				ALWAYS_SEARCH_USER_PATHS = NO;
				CLANG_ANALYZER_LOCALIZABILITY_NONLOCALIZED = YES;
				CLANG_ANALYZER_NONNULL = YES;
				CLANG_ANALYZER_NUMBER_OBJECT_CONVERSION = YES_AGGRESSIVE;
				CLANG_CXX_LANGUAGE_STANDARD = "gnu++14";
				CLANG_CXX_LIBRARY = "libc++";
				CLANG_ENABLE_MODULES = YES;
				CLANG_ENABLE_OBJC_ARC = YES;
				CLANG_ENABLE_OBJC_WEAK = YES;
				CLANG_WARN_BLOCK_CAPTURE_AUTORELEASING = YES;
				CLANG_WARN_BOOL_CONVERSION = YES;
				CLANG_WARN_COMMA = YES;
				CLANG_WARN_CONSTANT_CONVERSION = YES;
				CLANG_WARN_DEPRECATED_OBJC_IMPLEMENTATIONS = YES;
				CLANG_WARN_DIRECT_OBJC_ISA_USAGE = YES_ERROR;
				CLANG_WARN_DOCUMENTATION_COMMENTS = YES;
				CLANG_WARN_EMPTY_BODY = YES;
				CLANG_WARN_ENUM_CONVERSION = YES;
				CLANG_WARN_INFINITE_RECURSION = YES;
				CLANG_WARN_INT_CONVERSION = YES;
				CLANG_WARN_NON_LITERAL_NULL_CONVERSION = YES;
				CLANG_WARN_OBJC_IMPLICIT_RETAIN_SELF = YES;
				CLANG_WARN_OBJC_LITERAL_CONVERSION = YES;
				CLANG_WARN_OBJC_ROOT_CLASS = YES_ERROR;
				CLANG_WARN_QUOTED_INCLUDE_IN_FRAMEWORK_HEADER = YES;
				CLANG_WARN_RANGE_LOOP_ANALYSIS = YES;
				CLANG_WARN_STRICT_PROTOTYPES = YES;
				CLANG_WARN_SUSPICIOUS_MOVE = YES;
				CLANG_WARN_UNGUARDED_AVAILABILITY = YES_AGGRESSIVE;
				CLANG_WARN_UNREACHABLE_CODE = YES;
				CLANG_WARN__DUPLICATE_METHOD_MATCH = YES;
				COPY_PHASE_STRIP = NO;
				DEAD_CODE_STRIPPING = YES;
				DEBUG_INFORMATION_FORMAT = dwarf;
				ENABLE_STRICT_OBJC_MSGSEND = YES;
				ENABLE_TESTABILITY = YES;
				GCC_C_LANGUAGE_STANDARD = gnu11;
				GCC_DYNAMIC_NO_PIC = NO;
				GCC_NO_COMMON_BLOCKS = YES;
				GCC_OPTIMIZATION_LEVEL = 0;
				GCC_PREPROCESSOR_DEFINITIONS = (
					"DEBUG=1",
					"$(inherited)",
				);
				GCC_WARN_64_TO_32_BIT_CONVERSION = YES;
				GCC_WARN_ABOUT_RETURN_TYPE = YES_ERROR;
				GCC_WARN_UNDECLARED_SELECTOR = YES;
				GCC_WARN_UNINITIALIZED_AUTOS = YES_AGGRESSIVE;
				GCC_WARN_UNUSED_FUNCTION = YES;
				GCC_WARN_UNUSED_VARIABLE = YES;
				MTL_ENABLE_DEBUG_INFO = YES;
				ONLY_ACTIVE_ARCH = YES;
				PRODUCT_NAME = "$(TARGET_NAME)";
			};
			name = Debug;
		};
		8E7C6583191531D91411CB09 /* Debug */ = {
			isa = XCBuildConfiguration;
			buildSettings = {
				CODE_SIGN_IDENTITY = "";
				CURRENT_PROJECT_VERSION = 1;
				DEFINES_MODULE = YES;
				DYLIB_COMPATIBILITY_VERSION = 1;
				DYLIB_CURRENT_VERSION = 1;
				DYLIB_INSTALL_NAME_BASE = "@rpath";
				INFOPLIST_FILE = "Derived/InfoPlists/Presentation-Info.plist";
				INSTALL_PATH = "$(LOCAL_LIBRARY_DIR)/Frameworks";
				IPHONEOS_DEPLOYMENT_TARGET = 16.0;
				LD_RUNPATH_SEARCH_PATHS = (
					"$(inherited)",
					"@executable_path/Frameworks",
					"@loader_path/Frameworks",
				);
				OTHER_LDFLAGS = (
					"$(inherited)",
					"-L$(DT_TOOLCHAIN_DIR)/usr/lib/swift/$(PLATFORM_NAME)",
				);
				PRODUCT_BUNDLE_IDENTIFIER = com.goim.presentation;
				PRODUCT_NAME = Presentation;
				SDKROOT = iphoneos;
				SKIP_INSTALL = YES;
				SUPPORTS_MACCATALYST = NO;
				SUPPORTS_MAC_DESIGNED_FOR_IPHONE_IPAD = YES;
				SUPPORTS_XR_DESIGNED_FOR_IPHONE_IPAD = NO;
				SWIFT_ACTIVE_COMPILATION_CONDITIONS = (
					"$(inherited)",
					DEBUG,
				);
				SWIFT_COMPILATION_MODE = singlefile;
				SWIFT_OPTIMIZATION_LEVEL = "-Onone";
				SWIFT_STRICT_CONCURRENCY = targeted;
				SWIFT_VERSION = 6.0;
				TARGETED_DEVICE_FAMILY = "1,2";
				VERSIONING_SYSTEM = "apple-generic";
				VERSION_INFO_PREFIX = "";
			};
			name = Debug;
		};
/* End XCBuildConfiguration section */

/* Begin XCConfigurationList section */
		1F46484E0096B2E0258B70F5 /* Build configuration list for PBXProject "Presentation" */ = {
			isa = XCConfigurationList;
			buildConfigurations = (
				563B8081FDEA66696633ADD3 /* Debug */,
				47533D3906F1F9721EA2BF8A /* Release */,
			);
			defaultConfigurationIsVisible = 0;
			defaultConfigurationName = Release;
		};
		3FBCA82F59D1854392A78BD5 /* Build configuration list for PBXNativeTarget "Presentation" */ = {
			isa = XCConfigurationList;
			buildConfigurations = (
				8E7C6583191531D91411CB09 /* Debug */,
				28D22904AFA6A96E5C3BFA05 /* Release */,
			);
			defaultConfigurationIsVisible = 0;
			defaultConfigurationName = Release;
		};
/* End XCConfigurationList section */
	};
	rootObject = ADF92DF0AD8E920125A75062 /* Project object */;
}
